{
  "version": 4,
  "terraform_version": "1.10.4",
  "serial": 3,
  "lineage": "a046a47e-bc02-f2a9-076c-15f07d70e8a2",
  "outputs": {
    "ecs_cluster_id": {
      "value": "arn:aws:ecs:us-east-1:499887455512:cluster/testingecscluster",
      "type": "string"
    },
    "ecs_cluster_name": {
      "value": "testingecscluster",
      "type": "string"
    },
    "s3_bucket_arn": {
      "value": "arn:aws:s3:::clouvixbucket3234342",
      "type": "string"
    },
    "s3_bucket_domain_name": {
      "value": "clouvixbucket3234342.s3.amazonaws.com",
      "type": "string"
    },
    "s3_bucket_id": {
      "value": "clouvixbucket3234342",
      "type": "string"
    },
    "s3_bucket_regional_domain_name": {
      "value": "clouvixbucket3234342.s3.us-east-1.amazonaws.com",
      "type": "string"
    }
  },
  "resources": [
    {
      "mode": "managed",
      "type": "aws_ecs_cluster",
      "name": "my_cluster",
      "provider": "provider[\"registry.terraform.io/hashicorp/aws\"]",
      "instances": [
        {
          "schema_version": 0,
          "attributes": {
            "arn": "arn:aws:ecs:us-east-1:499887455512:cluster/testingecscluster",
            "configuration": [],
            "id": "arn:aws:ecs:us-east-1:499887455512:cluster/testingecscluster",
            "name": "testingecscluster",
            "service_connect_defaults": [],
            "setting": [
              {
                "name": "containerInsights",
                "value": "disabled"
              }
            ],
            "tags": null,
            "tags_all": {}
          },
          "sensitive_attributes": [],
          "private": "bnVsbA=="
        }
      ]
    },
    {
      "mode": "managed",
      "type": "aws_s3_bucket",
      "name": "my_bucket",
      "provider": "provider[\"registry.terraform.io/hashicorp/aws\"]",
      "instances": [
        {
          "schema_version": 0,
          "attributes": {
            "acceleration_status": "",
            "acl": null,
            "arn": "arn:aws:s3:::clouvixbucket3234342",
            "bucket": "clouvixbucket3234342",
            "bucket_domain_name": "clouvixbucket3234342.s3.amazonaws.com",
            "bucket_prefix": "",
            "bucket_regional_domain_name": "clouvixbucket3234342.s3.us-east-1.amazonaws.com",
            "cors_rule": [],
            "force_destroy": false,
            "grant": [
              {
                "id": "5d924357d9e6bac5eb06284018b5fb5a49b194e70f77ed31de9a8f8688a3d4f8",
                "permissions": [
                  "FULL_CONTROL"
                ],
                "type": "CanonicalUser",
                "uri": ""
              }
            ],
            "hosted_zone_id": "Z3AQBSTGFYJSTF",
            "id": "clouvixbucket3234342",
            "lifecycle_rule": [],
            "logging": [],
            "object_lock_configuration": [],
            "object_lock_enabled": false,
            "policy": "",
            "region": "us-east-1",
            "replication_configuration": [],
            "request_payer": "BucketOwner",
            "server_side_encryption_configuration": [
              {
                "rule": [
                  {
                    "apply_server_side_encryption_by_default": [
                      {
                        "kms_master_key_id": "",
                        "sse_algorithm": "AES256"
                      }
                    ],
                    "bucket_key_enabled": false
                  }
                ]
              }
            ],
            "tags": null,
            "tags_all": {},
            "timeouts": null,
            "versioning": [
              {
                "enabled": false,
                "mfa_delete": false
              }
            ],
            "website": [],
            "website_domain": null,
            "website_endpoint": null
          },
          "sensitive_attributes": [],
          "private": "eyJlMmJmYjczMC1lY2FhLTExZTYtOGY4OC0zNDM2M2JjN2M0YzAiOnsiY3JlYXRlIjoxMjAwMDAwMDAwMDAwLCJkZWxldGUiOjM2MDAwMDAwMDAwMDAsInJlYWQiOjEyMDAwMDAwMDAwMDAsInVwZGF0ZSI6MTIwMDAwMDAwMDAwMH19"
        }
      ]
    }
  ],
  "check_results": null
}
